
Microsoft Visual Studio Solution File, Format Version 11.00
# Visual Studio 2010
Project("{FAE04EC0-301F-11D3-BF4B-00C04F79EFBC}") = "UFOShoot", "Assembly-CSharp.csproj", "{3367614F-2786-CA9E-320F-E6D0E9D3C840}"
EndProject
Global
	GlobalSection(SolutionConfigurationPlatforms) = preSolution
		Debug|Any CPU = Debug|Any CPU
		Release|Any CPU = Release|Any CPU
	EndGlobalSection
	GlobalSection(ProjectConfigurationPlatforms) = postSolution
		{3367614F-2786-CA9E-320F-E6D0E9D3C840}.Debug|Any CPU.ActiveCfg = Debug|Any CPU
		{3367614F-2786-CA9E-320F-E6D0E9D3C840}.Debug|Any CPU.Build.0 = Debug|Any CPU
		{3367614F-2786-CA9E-320F-E6D0E9D3C840}.Release|Any CPU.ActiveCfg = Release|Any CPU
		{3367614F-2786-CA9E-320F-E6D0E9D3C840}.Release|Any CPU.Build.0 = Release|Any CPU
	EndGlobalSection
	GlobalSection(SolutionProperties) = preSolution
		HideSolutionNode = FALSE
	EndGlobalSection
	GlobalSection(MonoDevelopProperties) = preSolution
		StartupItem = Assembly-CSharp.csproj
	EndGlobalSection
EndGlobal
