
Microsoft Visual Studio Solution File, Format Version 12.00
# Visual Studio 15
Project("{FAE04EC0-301F-11D3-BF4B-00C04F79EFBC}") = "RunningCat", "RunningCat.csproj", "{CF1E1F13-866C-1283-AF1A-0AD31BD9A9A9}"
EndProject
Project("{FAE04EC0-301F-11D3-BF4B-00C04F79EFBC}") = "RunningCat.Editor", "RunningCat.Editor.csproj", "{267766CA-FEF8-08B8-E542-C0B789129919}"
EndProject
Global
	GlobalSection(SolutionConfigurationPlatforms) = preSolution
		Debug|Any CPU = Debug|Any CPU
		Release|Any CPU = Release|Any CPU
	EndGlobalSection
	GlobalSection(ProjectConfigurationPlatforms) = postSolution
		{CF1E1F13-866C-1283-AF1A-0AD31BD9A9A9}.Debug|Any CPU.ActiveCfg = Debug|Any CPU
		{CF1E1F13-866C-1283-AF1A-0AD31BD9A9A9}.Debug|Any CPU.Build.0 = Debug|Any CPU
		{CF1E1F13-866C-1283-AF1A-0AD31BD9A9A9}.Release|Any CPU.ActiveCfg = Release|Any CPU
		{CF1E1F13-866C-1283-AF1A-0AD31BD9A9A9}.Release|Any CPU.Build.0 = Release|Any CPU
		{267766CA-FEF8-08B8-E542-C0B789129919}.Debug|Any CPU.ActiveCfg = Debug|Any CPU
		{267766CA-FEF8-08B8-E542-C0B789129919}.Debug|Any CPU.Build.0 = Debug|Any CPU
		{267766CA-FEF8-08B8-E542-C0B789129919}.Release|Any CPU.ActiveCfg = Release|Any CPU
		{267766CA-FEF8-08B8-E542-C0B789129919}.Release|Any CPU.Build.0 = Release|Any CPU
	EndGlobalSection
	GlobalSection(SolutionProperties) = preSolution
		HideSolutionNode = FALSE
	EndGlobalSection
EndGlobal
