
Microsoft Visual Studio Solution File, Format Version 11.00
# Visual Studio 2010
Project("{FAE04EC0-301F-11D3-BF4B-00C04F79EFBC}") = "UFOShoot改进", "Assembly-CSharp.csproj", "{EB7E9A5A-4683-8325-ADB1-8FC942AA63CC}"
EndProject
Global
	GlobalSection(SolutionConfigurationPlatforms) = preSolution
		Debug|Any CPU = Debug|Any CPU
		Release|Any CPU = Release|Any CPU
	EndGlobalSection
	GlobalSection(ProjectConfigurationPlatforms) = postSolution
		{EB7E9A5A-4683-8325-ADB1-8FC942AA63CC}.Debug|Any CPU.ActiveCfg = Debug|Any CPU
		{EB7E9A5A-4683-8325-ADB1-8FC942AA63CC}.Debug|Any CPU.Build.0 = Debug|Any CPU
		{EB7E9A5A-4683-8325-ADB1-8FC942AA63CC}.Release|Any CPU.ActiveCfg = Release|Any CPU
		{EB7E9A5A-4683-8325-ADB1-8FC942AA63CC}.Release|Any CPU.Build.0 = Release|Any CPU
	EndGlobalSection
	GlobalSection(SolutionProperties) = preSolution
		HideSolutionNode = FALSE
	EndGlobalSection
	GlobalSection(MonoDevelopProperties) = preSolution
		StartupItem = Assembly-CSharp.csproj
	EndGlobalSection
EndGlobal
